
Microsoft Visual Studio Solution File, Format Version 12.00
# Visual Studio 2013
VisualStudioVersion = 12.0.21005.1
MinimumVisualStudioVersion = 10.0.40219.1
Project("{D2ABAB84-BF74-430A-B69E-9DC6D40DDA17}") = "dw", "dw\dw.dwproj", "{0C835471-6661-4760-8C66-6775B8CC866B}"
EndProject
Global
	GlobalSection(SolutionConfigurationPlatforms) = preSolution
		Development|Default = Development|Default
	EndGlobalSection
	GlobalSection(ProjectConfigurationPlatforms) = postSolution
		{0C835471-6661-4760-8C66-6775B8CC866B}.Development|Default.ActiveCfg = Development
		{0C835471-6661-4760-8C66-6775B8CC866B}.Development|Default.Build.0 = Development
		{0C835471-6661-4760-8C66-6775B8CC866B}.Development|Default.Deploy.0 = Development
	EndGlobalSection
	GlobalSection(SolutionProperties) = preSolution
		HideSolutionNode = FALSE
	EndGlobalSection
EndGlobal
